// !$*UTF8*$!
{
	archiveVersion = 1;
	classes = {
	};
	objectVersion = 46;
	objects = {

/* Begin PBXBuildFile section */
		D495D7C2205983B100A5346F /* AppDelegate.swift in Sources */ = {isa = PBXBuildFile; fileRef = D495D7C1205983B100A5346F /* AppDelegate.swift */; };
		D495D7C7205983B100A5346F /* Main.storyboard in Resources */ = {isa = PBXBuildFile; fileRef = D495D7C5205983B100A5346F /* Main.storyboard */; };
		D495D7C9205983B100A5346F /* Assets.xcassets in Resources */ = {isa = PBXBuildFile; fileRef = D495D7C8205983B100A5346F /* Assets.xcassets */; };
		D495D7CC205983B100A5346F /* LaunchScreen.storyboard in Resources */ = {isa = PBXBuildFile; fileRef = D495D7CA205983B100A5346F /* LaunchScreen.storyboard */; };
		D495D7D7205983B100A5346F /* MusicPlayerTests.swift in Sources */ = {isa = PBXBuildFile; fileRef = D495D7D6205983B100A5346F /* MusicPlayerTests.swift */; };
		D495D7E2205983B100A5346F /* MusicPlayerUITests.swift in Sources */ = {isa = PBXBuildFile; fileRef = D495D7E1205983B100A5346F /* MusicPlayerUITests.swift */; };
		D495D7F0205983E400A5346F /* GenreButtonScreen.swift in Sources */ = {isa = PBXBuildFile; fileRef = D495D7EF205983E400A5346F /* GenreButtonScreen.swift */; };
/* End PBXBuildFile section */

/* Begin PBXContainerItemProxy section */
		D495D7D3205983B100A5346F /* PBXContainerItemProxy */ = {
			isa = PBXContainerItemProxy;
			containerPortal = D495D7B6205983B000A5346F /* Project object */;
			proxyType = 1;
			remoteGlobalIDString = D495D7BD205983B000A5346F;
			remoteInfo = MusicPlayer;
		};
		D495D7DE205983B100A5346F /* PBXContainerItemProxy */ = {
			isa = PBXContainerItemProxy;
			containerPortal = D495D7B6205983B000A5346F /* Project object */;
			proxyType = 1;
			remoteGlobalIDString = D495D7BD205983B000A5346F;
			remoteInfo = MusicPlayer;
		};
/* End PBXContainerItemProxy section */

/* Begin PBXFileReference section */
		D495D7BE205983B100A5346F /* MusicPlayer.app */ = {isa = PBXFileReference; explicitFileType = wrapper.application; includeInIndex = 0; path = MusicPlayer.app; sourceTree = BUILT_PRODUCTS_DIR; };
		D495D7C1205983B100A5346F /* AppDelegate.swift */ = {isa = PBXFileReference; lastKnownFileType = sourcecode.swift; path = AppDelegate.swift; sourceTree = "<group>"; };
		D495D7C6205983B100A5346F /* Base */ = {isa = PBXFileReference; lastKnownFileType = file.storyboard; name = Base; path = Base.lproj/Main.storyboard; sourceTree = "<group>"; };
		D495D7C8205983B100A5346F /* Assets.xcassets */ = {isa = PBXFileReference; lastKnownFileType = folder.assetcatalog; path = Assets.xcassets; sourceTree = "<group>"; };
		D495D7CB205983B100A5346F /* Base */ = {isa = PBXFileReference; lastKnownFileType = file.storyboard; name = Base; path = Base.lproj/LaunchScreen.storyboard; sourceTree = "<group>"; };
		D495D7CD205983B100A5346F /* Info.plist */ = {isa = PBXFileReference; lastKnownFileType = text.plist.xml; path = Info.plist; sourceTree = "<group>"; };
		D495D7D2205983B100A5346F /* MusicPlayerTests.xctest */ = {isa = PBXFileReference; explicitFileType = wrapper.cfbundle; includeInIndex = 0; path = MusicPlayerTests.xctest; sourceTree = BUILT_PRODUCTS_DIR; };
		D495D7D6205983B100A5346F /* MusicPlayerTests.swift */ = {isa = PBXFileReference; lastKnownFileType = sourcecode.swift; path = MusicPlayerTests.swift; sourceTree = "<group>"; };
		D495D7D8205983B100A5346F /* Info.plist */ = {isa = PBXFileReference; lastKnownFileType = text.plist.xml; path = Info.plist; sourceTree = "<group>"; };
		D495D7DD205983B100A5346F /* MusicPlayerUITests.xctest */ = {isa = PBXFileReference; explicitFileType = wrapper.cfbundle; includeInIndex = 0; path = MusicPlayerUITests.xctest; sourceTree = BUILT_PRODUCTS_DIR; };
		D495D7E1205983B100A5346F /* MusicPlayerUITests.swift */ = {isa = PBXFileReference; lastKnownFileType = sourcecode.swift; path = MusicPlayerUITests.swift; sourceTree = "<group>"; };
		D495D7E3205983B100A5346F /* Info.plist */ = {isa = PBXFileReference; lastKnownFileType = text.plist.xml; path = Info.plist; sourceTree = "<group>"; };
		D495D7EF205983E400A5346F /* GenreButtonScreen.swift */ = {isa = PBXFileReference; fileEncoding = 4; lastKnownFileType = sourcecode.swift; path = GenreButtonScreen.swift; sourceTree = "<group>"; };
/* End PBXFileReference section */

/* Begin PBXFrameworksBuildPhase section */
		D495D7BB205983B000A5346F /* Frameworks */ = {
			isa = PBXFrameworksBuildPhase;
			buildActionMask = 2147483647;
			files = (
			);
			runOnlyForDeploymentPostprocessing = 0;
		};
		D495D7CF205983B100A5346F /* Frameworks */ = {
			isa = PBXFrameworksBuildPhase;
			buildActionMask = 2147483647;
			files = (
			);
			runOnlyForDeploymentPostprocessing = 0;
		};
		D495D7DA205983B100A5346F /* Frameworks */ = {
			isa = PBXFrameworksBuildPhase;
			buildActionMask = 2147483647;
			files = (
			);
			runOnlyForDeploymentPostprocessing = 0;
		};
/* End PBXFrameworksBuildPhase section */

/* Begin PBXGroup section */
		D495D7B5205983B000A5346F = {
			isa = PBXGroup;
			children = (
				D495D7C0205983B100A5346F /* MusicPlayer */,
				D495D7D5205983B100A5346F /* MusicPlayerTests */,
				D495D7E0205983B100A5346F /* MusicPlayerUITests */,
				D495D7BF205983B100A5346F /* Products */,
			);
			sourceTree = "<group>";
		};
		D495D7BF205983B100A5346F /* Products */ = {
			isa = PBXGroup;
			children = (
				D495D7BE205983B100A5346F /* MusicPlayer.app */,
				D495D7D2205983B100A5346F /* MusicPlayerTests.xctest */,
				D495D7DD205983B100A5346F /* MusicPlayerUITests.xctest */,
			);
			name = Products;
			sourceTree = "<group>";
		};
		D495D7C0205983B100A5346F /* MusicPlayer */ = {
			isa = PBXGroup;
			children = (
				D495D7C1205983B100A5346F /* AppDelegate.swift */,
				D495D7EF205983E400A5346F /* GenreButtonScreen.swift */,
				D495D7C5205983B100A5346F /* Main.storyboard */,
				D495D7C8205983B100A5346F /* Assets.xcassets */,
				D495D7CA205983B100A5346F /* LaunchScreen.storyboard */,
				D495D7CD205983B100A5346F /* Info.plist */,
			);
			path = MusicPlayer;
			sourceTree = "<group>";
		};
		D495D7D5205983B100A5346F /* MusicPlayerTests */ = {
			isa = PBXGroup;
			children = (
				D495D7D6205983B100A5346F /* MusicPlayerTests.swift */,
				D495D7D8205983B100A5346F /* Info.plist */,
			);
			path = MusicPlayerTests;
			sourceTree = "<group>";
		};
		D495D7E0205983B100A5346F /* MusicPlayerUITests */ = {
			isa = PBXGroup;
			children = (
				D495D7E1205983B100A5346F /* MusicPlayerUITests.swift */,
				D495D7E3205983B100A5346F /* Info.plist */,
			);
			path = MusicPlayerUITests;
			sourceTree = "<group>";
		};
/* End PBXGroup section */

/* Begin PBXNativeTarget section */
		D495D7BD205983B000A5346F /* MusicPlayer */ = {
			isa = PBXNativeTarget;
			buildConfigurationList = D495D7E6205983B100A5346F /* Build configuration list for PBXNativeTarget "MusicPlayer" */;
			buildPhases = (
				D495D7BA205983B000A5346F /* Sources */,
				D495D7BB205983B000A5346F /* Frameworks */,
				D495D7BC205983B000A5346F /* Resources */,
			);
			buildRules = (
			);
			dependencies = (
			);
			name = MusicPlayer;
			productName = MusicPlayer;
			productReference = D495D7BE205983B100A5346F /* MusicPlayer.app */;
			productType = "com.apple.product-type.application";
		};
		D495D7D1205983B100A5346F /* MusicPlayerTests */ = {
			isa = PBXNativeTarget;
			buildConfigurationList = D495D7E9205983B100A5346F /* Build configuration list for PBXNativeTarget "MusicPlayerTests" */;
			buildPhases = (
				D495D7CE205983B100A5346F /* Sources */,
				D495D7CF205983B100A5346F /* Frameworks */,
				D495D7D0205983B100A5346F /* Resources */,
			);
			buildRules = (
			);
			dependencies = (
				D495D7D4205983B100A5346F /* PBXTargetDependency */,
			);
			name = MusicPlayerTests;
			productName = MusicPlayerTests;
			productReference = D495D7D2205983B100A5346F /* MusicPlayerTests.xctest */;
			productType = "com.apple.product-type.bundle.unit-test";
		};
		D495D7DC205983B100A5346F /* MusicPlayerUITests */ = {
			isa = PBXNativeTarget;
			buildConfigurationList = D495D7EC205983B100A5346F /* Build configuration list for PBXNativeTarget "MusicPlayerUITests" */;
			buildPhases = (
				D495D7D9205983B100A5346F /* Sources */,
				D495D7DA205983B100A5346F /* Frameworks */,
				D495D7DB205983B100A5346F /* Resources */,
			);
			buildRules = (
			);
			dependencies = (
				D495D7DF205983B100A5346F /* PBXTargetDependency */,
			);
			name = MusicPlayerUITests;
			productName = MusicPlayerUITests;
			productReference = D495D7DD205983B100A5346F /* MusicPlayerUITests.xctest */;
			productType = "com.apple.product-type.bundle.ui-testing";
		};
/* End PBXNativeTarget section */

/* Begin PBXProject section */
		D495D7B6205983B000A5346F /* Project object */ = {
			isa = PBXProject;
			attributes = {
				LastSwiftUpdateCheck = 0820;
				LastUpgradeCheck = 0820;
				ORGANIZATIONNAME = NEIT;
				TargetAttributes = {
					D495D7BD205983B000A5346F = {
						CreatedOnToolsVersion = 8.2.1;
						ProvisioningStyle = Automatic;
					};
					D495D7D1205983B100A5346F = {
						CreatedOnToolsVersion = 8.2.1;
						ProvisioningStyle = Automatic;
						TestTargetID = D495D7BD205983B000A5346F;
					};
					D495D7DC205983B100A5346F = {
						CreatedOnToolsVersion = 8.2.1;
						ProvisioningStyle = Automatic;
						TestTargetID = D495D7BD205983B000A5346F;
					};
				};
			};
			buildConfigurationList = D495D7B9205983B000A5346F /* Build configuration list for PBXProject "MusicPlayer" */;
			compatibilityVersion = "Xcode 3.2";
			developmentRegion = English;
			hasScannedForEncodings = 0;
			knownRegions = (
				en,
				Base,
			);
			mainGroup = D495D7B5205983B000A5346F;
			productRefGroup = D495D7BF205983B100A5346F /* Products */;
			projectDirPath = "";
			projectRoot = "";
			targets = (
				D495D7BD205983B000A5346F /* MusicPlayer */,
				D495D7D1205983B100A5346F /* MusicPlayerTests */,
				D495D7DC205983B100A5346F /* MusicPlayerUITests */,
			);
		};
/* End PBXProject section */

/* Begin PBXResourcesBuildPhase section */
		D495D7BC205983B000A5346F /* Resources */ = {
			isa = PBXResourcesBuildPhase;
			buildActionMask = 2147483647;
			files = (
				D495D7CC205983B100A5346F /* LaunchScreen.storyboard in Resources */,
				D495D7C9205983B100A5346F /* Assets.xcassets in Resources */,
				D495D7C7205983B100A5346F /* Main.storyboard in Resources */,
			);
			runOnlyForDeploymentPostprocessing = 0;
		};
		D495D7D0205983B100A5346F /* Resources */ = {
			isa = PBXResourcesBuildPhase;
			buildActionMask = 2147483647;
			files = (
			);
			runOnlyForDeploymentPostprocessing = 0;
		};
		D495D7DB205983B100A5346F /* Resources */ = {
			isa = PBXResourcesBuildPhase;
			buildActionMask = 2147483647;
			files = (
			);
			runOnlyForDeploymentPostprocessing = 0;
		};
/* End PBXResourcesBuildPhase section */

/* Begin PBXSourcesBuildPhase section */
		D495D7BA205983B000A5346F /* Sources */ = {
			isa = PBXSourcesBuildPhase;
			buildActionMask = 2147483647;
			files = (
				D495D7C2205983B100A5346F /* AppDelegate.swift in Sources */,
				D495D7F0205983E400A5346F /* GenreButtonScreen.swift in Sources */,
			);
			runOnlyForDeploymentPostprocessing = 0;
		};
		D495D7CE205983B100A5346F /* Sources */ = {
			isa = PBXSourcesBuildPhase;
			buildActionMask = 2147483647;
			files = (
				D495D7D7205983B100A5346F /* MusicPlayerTests.swift in Sources */,
			);
			runOnlyForDeploymentPostprocessing = 0;
		};
		D495D7D9205983B100A5346F /* Sources */ = {
			isa = PBXSourcesBuildPhase;
			buildActionMask = 2147483647;
			files = (
				D495D7E2205983B100A5346F /* MusicPlayerUITests.swift in Sources */,
			);
			runOnlyForDeploymentPostprocessing = 0;
		};
/* End PBXSourcesBuildPhase section */

/* Begin PBXTargetDependency section */
		D495D7D4205983B100A5346F /* PBXTargetDependency */ = {
			isa = PBXTargetDependency;
			target = D495D7BD205983B000A5346F /* MusicPlayer */;
			targetProxy = D495D7D3205983B100A5346F /* PBXContainerItemProxy */;
		};
		D495D7DF205983B100A5346F /* PBXTargetDependency */ = {
			isa = PBXTargetDependency;
			target = D495D7BD205983B000A5346F /* MusicPlayer */;
			targetProxy = D495D7DE205983B100A5346F /* PBXContainerItemProxy */;
		};
/* End PBXTargetDependency section */

/* Begin PBXVariantGroup section */
		D495D7C5205983B100A5346F /* Main.storyboard */ = {
			isa = PBXVariantGroup;
			children = (
				D495D7C6205983B100A5346F /* Base */,
			);
			name = Main.storyboard;
			sourceTree = "<group>";
		};
		D495D7CA205983B100A5346F /* LaunchScreen.storyboard */ = {
			isa = PBXVariantGroup;
			children = (
				D495D7CB205983B100A5346F /* Base */,
			);
			name = LaunchScreen.storyboard;
			sourceTree = "<group>";
		};
/* End PBXVariantGroup section */

/* Begin XCBuildConfiguration section */
		D495D7E4205983B100A5346F /* Debug */ = {
			isa = XCBuildConfiguration;
			buildSettings = {
				ALWAYS_SEARCH_USER_PATHS = NO;
				CLANG_ANALYZER_NONNULL = YES;
				CLANG_CXX_LANGUAGE_STANDARD = "gnu++0x";
				CLANG_CXX_LIBRARY = "libc++";
				CLANG_ENABLE_MODULES = YES;
				CLANG_ENABLE_OBJC_ARC = YES;
				CLANG_WARN_BOOL_CONVERSION = YES;
				CLANG_WARN_CONSTANT_CONVERSION = YES;
				CLANG_WARN_DIRECT_OBJC_ISA_USAGE = YES_ERROR;
				CLANG_WARN_DOCUMENTATION_COMMENTS = YES;
				CLANG_WARN_EMPTY_BODY = YES;
				CLANG_WARN_ENUM_CONVERSION = YES;
				CLANG_WARN_INFINITE_RECURSION = YES;
				CLANG_WARN_INT_CONVERSION = YES;
				CLANG_WARN_OBJC_ROOT_CLASS = YES_ERROR;
				CLANG_WARN_SUSPICIOUS_MOVE = YES;
				CLANG_WARN_UNREACHABLE_CODE = YES;
				CLANG_WARN__DUPLICATE_METHOD_MATCH = YES;
				"CODE_SIGN_IDENTITY[sdk=iphoneos*]" = "iPhone Developer";
				COPY_PHASE_STRIP = NO;
				DEBUG_INFORMATION_FORMAT = dwarf;
				ENABLE_STRICT_OBJC_MSGSEND = YES;
				ENABLE_TESTABILITY = YES;
				GCC_C_LANGUAGE_STANDARD = gnu99;
				GCC_DYNAMIC_NO_PIC = NO;
				GCC_NO_COMMON_BLOCKS = YES;
				GCC_OPTIMIZATION_LEVEL = 0;
				GCC_PREPROCESSOR_DEFINITIONS = (
					"DEBUG=1",
					"$(inherited)",
				);
				GCC_WARN_64_TO_32_BIT_CONVERSION = YES;
				GCC_WARN_ABOUT_RETURN_TYPE = YES_ERROR;
				GCC_WARN_UNDECLARED_SELECTOR = YES;
				GCC_WARN_UNINITIALIZED_AUTOS = YES_AGGRESSIVE;
				GCC_WARN_UNUSED_FUNCTION = YES;
				GCC_WARN_UNUSED_VARIABLE = YES;
				IPHONEOS_DEPLOYMENT_TARGET = 10.2;
				MTL_ENABLE_DEBUG_INFO = YES;
				ONLY_ACTIVE_ARCH = YES;
				SDKROOT = iphoneos;
				SWIFT_ACTIVE_COMPILATION_CONDITIONS = DEBUG;
				SWIFT_OPTIMIZATION_LEVEL = "-Onone";
			};
			name = Debug;
		};
		D495D7E5205983B100A5346F /* Release */ = {
			isa = XCBuildConfiguration;
			buildSettings = {
				ALWAYS_SEARCH_USER_PATHS = NO;
				CLANG_ANALYZER_NONNULL = YES;
				CLANG_CXX_LANGUAGE_STANDARD = "gnu++0x";
				CLANG_CXX_LIBRARY = "libc++";
				CLANG_ENABLE_MODULES = YES;
				CLANG_ENABLE_OBJC_ARC = YES;
				CLANG_WARN_BOOL_CONVERSION = YES;
				CLANG_WARN_CONSTANT_CONVERSION = YES;
				CLANG_WARN_DIRECT_OBJC_ISA_USAGE = YES_ERROR;
				CLANG_WARN_DOCUMENTATION_COMMENTS = YES;
				CLANG_WARN_EMPTY_BODY = YES;
				CLANG_WARN_ENUM_CONVERSION = YES;
				CLANG_WARN_INFINITE_RECURSION = YES;
				CLANG_WARN_INT_CONVERSION = YES;
				CLANG_WARN_OBJC_ROOT_CLASS = YES_ERROR;
				CLANG_WARN_SUSPICIOUS_MOVE = YES;
				CLANG_WARN_UNREACHABLE_CODE = YES;
				CLANG_WARN__DUPLICATE_METHOD_MATCH = YES;
				"CODE_SIGN_IDENTITY[sdk=iphoneos*]" = "iPhone Developer";
				COPY_PHASE_STRIP = NO;
				DEBUG_INFORMATION_FORMAT = "dwarf-with-dsym";
				ENABLE_NS_ASSERTIONS = NO;
				ENABLE_STRICT_OBJC_MSGSEND = YES;
				GCC_C_LANGUAGE_STANDARD = gnu99;
				GCC_NO_COMMON_BLOCKS = YES;
				GCC_WARN_64_TO_32_BIT_CONVERSION = YES;
				GCC_WARN_ABOUT_RETURN_TYPE = YES_ERROR;
				GCC_WARN_UNDECLARED_SELECTOR = YES;
				GCC_WARN_UNINITIALIZED_AUTOS = YES_AGGRESSIVE;
				GCC_WARN_UNUSED_FUNCTION = YES;
				GCC_WARN_UNUSED_VARIABLE = YES;
				IPHONEOS_DEPLOYMENT_TARGET = 10.2;
				MTL_ENABLE_DEBUG_INFO = NO;
				SDKROOT = iphoneos;
				SWIFT_OPTIMIZATION_LEVEL = "-Owholemodule";
				VALIDATE_PRODUCT = YES;
			};
			name = Release;
		};
		D495D7E7205983B100A5346F /* Debug */ = {
			isa = XCBuildConfiguration;
			buildSettings = {
				ASSETCATALOG_COMPILER_APPICON_NAME = AppIcon;
				INFOPLIST_FILE = MusicPlayer/Info.plist;
				LD_RUNPATH_SEARCH_PATHS = "$(inherited) @executable_path/Frameworks";
				PRODUCT_BUNDLE_IDENTIFIER = NEIT.MusicPlayer;
				PRODUCT_NAME = "$(TARGET_NAME)";
				SWIFT_VERSION = 3.0;
			};
			name = Debug;
		};
		D495D7E8205983B100A5346F /* Release */ = {
			isa = XCBuildConfiguration;
			buildSettings = {
				ASSETCATALOG_COMPILER_APPICON_NAME = AppIcon;
				INFOPLIST_FILE = MusicPlayer/Info.plist;
				LD_RUNPATH_SEARCH_PATHS = "$(inherited) @executable_path/Frameworks";
				PRODUCT_BUNDLE_IDENTIFIER = NEIT.MusicPlayer;
				PRODUCT_NAME = "$(TARGET_NAME)";
				SWIFT_VERSION = 3.0;
			};
			name = Release;
		};
		D495D7EA205983B100A5346F /* Debug */ = {
			isa = XCBuildConfiguration;
			buildSettings = {
				ALWAYS_EMBED_SWIFT_STANDARD_LIBRARIES = YES;
				BUNDLE_LOADER = "$(TEST_HOST)";
				INFOPLIST_FILE = MusicPlayerTests/Info.plist;
				LD_RUNPATH_SEARCH_PATHS = "$(inherited) @executable_path/Frameworks @loader_path/Frameworks";
				PRODUCT_BUNDLE_IDENTIFIER = NEIT.MusicPlayerTests;
				PRODUCT_NAME = "$(TARGET_NAME)";
				SWIFT_VERSION = 3.0;
				TEST_HOST = "$(BUILT_PRODUCTS_DIR)/MusicPlayer.app/MusicPlayer";
			};
			name = Debug;
		};
		D495D7EB205983B100A5346F /* Release */ = {
			isa = XCBuildConfiguration;
			buildSettings = {
				ALWAYS_EMBED_SWIFT_STANDARD_LIBRARIES = YES;
				BUNDLE_LOADER = "$(TEST_HOST)";
				INFOPLIST_FILE = MusicPlayerTests/Info.plist;
				LD_RUNPATH_SEARCH_PATHS = "$(inherited) @executable_path/Frameworks @loader_path/Frameworks";
				PRODUCT_BUNDLE_IDENTIFIER = NEIT.MusicPlayerTests;
				PRODUCT_NAME = "$(TARGET_NAME)";
				SWIFT_VERSION = 3.0;
				TEST_HOST = "$(BUILT_PRODUCTS_DIR)/MusicPlayer.app/MusicPlayer";
			};
			name = Release;
		};
		D495D7ED205983B100A5346F /* Debug */ = {
			isa = XCBuildConfiguration;
			buildSettings = {
				ALWAYS_EMBED_SWIFT_STANDARD_LIBRARIES = YES;
				INFOPLIST_FILE = MusicPlayerUITests/Info.plist;
				LD_RUNPATH_SEARCH_PATHS = "$(inherited) @executable_path/Frameworks @loader_path/Frameworks";
				PRODUCT_BUNDLE_IDENTIFIER = NEIT.MusicPlayerUITests;
				PRODUCT_NAME = "$(TARGET_NAME)";
				SWIFT_VERSION = 3.0;
				TEST_TARGET_NAME = MusicPlayer;
			};
			name = Debug;
		};
		D495D7EE205983B100A5346F /* Release */ = {
			isa = XCBuildConfiguration;
			buildSettings = {
				ALWAYS_EMBED_SWIFT_STANDARD_LIBRARIES = YES;
				INFOPLIST_FILE = MusicPlayerUITests/Info.plist;
				LD_RUNPATH_SEARCH_PATHS = "$(inherited) @executable_path/Frameworks @loader_path/Frameworks";
				PRODUCT_BUNDLE_IDENTIFIER = NEIT.MusicPlayerUITests;
				PRODUCT_NAME = "$(TARGET_NAME)";
				SWIFT_VERSION = 3.0;
				TEST_TARGET_NAME = MusicPlayer;
			};
			name = Release;
		};
/* End XCBuildConfiguration section */

/* Begin XCConfigurationList section */
		D495D7B9205983B000A5346F /* Build configuration list for PBXProject "MusicPlayer" */ = {
			isa = XCConfigurationList;
			buildConfigurations = (
				D495D7E4205983B100A5346F /* Debug */,
				D495D7E5205983B100A5346F /* Release */,
			);
			defaultConfigurationIsVisible = 0;
			defaultConfigurationName = Release;
		};
		D495D7E6205983B100A5346F /* Build configuration list for PBXNativeTarget "MusicPlayer" */ = {
			isa = XCConfigurationList;
			buildConfigurations = (
				D495D7E7205983B100A5346F /* Debug */,
				D495D7E8205983B100A5346F /* Release */,
			);
			defaultConfigurationIsVisible = 0;
			defaultConfigurationName = Release;
		};
		D495D7E9205983B100A5346F /* Build configuration list for PBXNativeTarget "MusicPlayerTests" */ = {
			isa = XCConfigurationList;
			buildConfigurations = (
				D495D7EA205983B100A5346F /* Debug */,
				D495D7EB205983B100A5346F /* Release */,
			);
			defaultConfigurationIsVisible = 0;
			defaultConfigurationName = Release;
		};
		D495D7EC205983B100A5346F /* Build configuration list for PBXNativeTarget "MusicPlayerUITests" */ = {
			isa = XCConfigurationList;
			buildConfigurations = (
				D495D7ED205983B100A5346F /* Debug */,
				D495D7EE205983B100A5346F /* Release */,
			);
			defaultConfigurationIsVisible = 0;
			defaultConfigurationName = Release;
		};
/* End XCConfigurationList section */
	};
	rootObject = D495D7B6205983B000A5346F /* Project object */;
}
